<?xml version="1.0" encoding="utf-8"?>
<Project ToolsVersion="4.0" xmlns="http://schemas.microsoft.com/developer/msbuild/2003">
  <ItemGroup>
    <Filter Include="Fichiers sources">
      <UniqueIdentifier>{4FC737F1-C7A5-4376-A066-2A32D752A2FF}</UniqueIdentifier>
      <Extensions>cpp;c;cc;cxx;def;odl;idl;hpj;bat;asm;asmx</Extensions>
    </Filter>
    <Filter Include="Fichiers d%27en-tête">
      <UniqueIdentifier>{93995380-89BD-4b04-88EB-625FBE52EBFB}</UniqueIdentifier>
      <Extensions>h;hh;hpp;hxx;hm;inl;inc;xsd</Extensions>
    </Filter>
    <Filter Include="Fichiers de ressources">
      <UniqueIdentifier>{67DA6AB6-F800-4c08-8B7A-83BB121AAD01}</UniqueIdentifier>
      <Extensions>rc;ico;cur;bmp;dlg;rc2;rct;bin;rgs;gif;jpg;jpeg;jpe;resx;tiff;tif;png;wav;mfcribbon-ms</Extensions>
    </Filter>
    <Filter Include="Fichiers de ressources\shaders">
      <UniqueIdentifier>{85af1a72-81b5-4748-8174-e5d5752c844d}</UniqueIdentifier>
    </Filter>
    <Filter Include="Fichiers de ressources\textures">
      <UniqueIdentifier>{aab91c35-cb38-46c1-8c9b-59541cae6777}</UniqueIdentifier>
    </Filter>
    <Filter Include="Fichiers de ressources\materials">
      <UniqueIdentifier>{60142a7a-1685-4f95-a120-5f62a60b678b}</UniqueIdentifier>
    </Filter>
    <Filter Include="Fichiers de ressources\models">
      <UniqueIdentifier>{cc3394bf-2e24-4f17-9c1a-f98910880aec}</UniqueIdentifier>
    </Filter>
    <Filter Include="Fichiers d%27en-tête\Interfaces">
      <UniqueIdentifier>{4c56f984-7886-46ca-90a8-223e238ac334}</UniqueIdentifier>
    </Filter>
  </ItemGroup>
  <ItemGroup>
    <ClCompile Include="main.cpp">
      <Filter>Fichiers sources</Filter>
    </ClCompile>
    <ClCompile Include="Renderer.cpp">
      <Filter>Fichiers sources</Filter>
    </ClCompile>
    <ClCompile Include="Tools.cpp">
      <Filter>Fichiers sources</Filter>
    </ClCompile>
    <ClCompile Include="Mesh.cpp">
      <Filter>Fichiers sources</Filter>
    </ClCompile>
    <ClCompile Include="Texture.cpp">
      <Filter>Fichiers sources</Filter>
    </ClCompile>
    <ClCompile Include="Camera.cpp">
      <Filter>Fichiers sources</Filter>
    </ClCompile>
    <ClCompile Include="Material.cpp">
      <Filter>Fichiers sources</Filter>
    </ClCompile>
    <ClCompile Include="Color.cpp">
      <Filter>Fichiers sources</Filter>
    </ClCompile>
    <ClCompile Include="MaterialManager.cpp">
      <Filter>Fichiers sources</Filter>
    </ClCompile>
    <ClCompile Include="Submesh.cpp">
      <Filter>Fichiers sources</Filter>
    </ClCompile>
    <ClCompile Include="CommandBufferBuilder.cpp">
      <Filter>Fichiers sources</Filter>
    </ClCompile>
    <ClCompile Include="ThreadPool.cpp">
      <Filter>Fichiers sources</Filter>
    </ClCompile>
  </ItemGroup>
  <ItemGroup>
    <ClInclude Include="Renderer.h">
      <Filter>Fichiers d%27en-tête</Filter>
    </ClInclude>
    <ClInclude Include="Tools.h">
      <Filter>Fichiers d%27en-tête</Filter>
    </ClInclude>
    <ClInclude Include="Mesh.h">
      <Filter>Fichiers d%27en-tête</Filter>
    </ClInclude>
    <ClInclude Include="Texture.h">
      <Filter>Fichiers d%27en-tête</Filter>
    </ClInclude>
    <ClInclude Include="Camera.h">
      <Filter>Fichiers d%27en-tête</Filter>
    </ClInclude>
    <ClInclude Include="Material.h">
      <Filter>Fichiers d%27en-tête</Filter>
    </ClInclude>
    <ClInclude Include="Color.h">
      <Filter>Fichiers d%27en-tête</Filter>
    </ClInclude>
    <ClInclude Include="MaterialManager.h">
      <Filter>Fichiers d%27en-tête</Filter>
    </ClInclude>
    <ClInclude Include="Submesh.h">
      <Filter>Fichiers d%27en-tête</Filter>
    </ClInclude>
    <ClInclude Include="CommandBufferBuilder.h">
      <Filter>Fichiers d%27en-tête</Filter>
    </ClInclude>
    <ClInclude Include="ThreadPool.h">
      <Filter>Fichiers d%27en-tête</Filter>
    </ClInclude>
    <ClInclude Include="IBuildable.h">
      <Filter>Fichiers d%27en-tête\Interfaces</Filter>
    </ClInclude>
  </ItemGroup>
  <ItemGroup>
    <None Include="shaders\shader.frag">
      <Filter>Fichiers de ressources\shaders</Filter>
    </None>
    <None Include="shaders\shader.vert">
      <Filter>Fichiers de ressources\shaders</Filter>
    </None>
    <None Include="materials\CamaroSS.mtl">
      <Filter>Fichiers de ressources\materials</Filter>
    </None>
    <None Include="materials\sportsCar.mtl">
      <Filter>Fichiers de ressources\materials</Filter>
    </None>
    <None Include="shaders\material.frag">
      <Filter>Fichiers de ressources\shaders</Filter>
    </None>
    <None Include="shaders\material.vert">
      <Filter>Fichiers de ressources\shaders</Filter>
    </None>
  </ItemGroup>
  <ItemGroup>
    <Image Include="textures\camaross.jpg">
      <Filter>Fichiers de ressources\textures</Filter>
    </Image>
    <Image Include="textures\CamaroSS.png">
      <Filter>Fichiers de ressources\textures</Filter>
    </Image>
    <Image Include="textures\chalet.jpg">
      <Filter>Fichiers de ressources\textures</Filter>
    </Image>
    <Image Include="textures\texture.jpg">
      <Filter>Fichiers de ressources\textures</Filter>
    </Image>
  </ItemGroup>
  <ItemGroup>
    <Object Include="models\CamaroSS.obj">
      <Filter>Fichiers de ressources\models</Filter>
    </Object>
    <Object Include="models\chalet.obj">
      <Filter>Fichiers de ressources\models</Filter>
    </Object>
    <Object Include="models\geosphere.obj">
      <Filter>Fichiers de ressources\models</Filter>
    </Object>
    <Object Include="models\sportsCar.obj">
      <Filter>Fichiers de ressources\models</Filter>
    </Object>
    <Object Include="models\bouleMagique.obj">
      <Filter>Fichiers de ressources\models</Filter>
    </Object>
  </ItemGroup>
</Project>